
Microsoft Visual Studio Solution File, Format Version 12.00
# Visual Studio Version 17
VisualStudioVersion = 17.3.32929.385
MinimumVisualStudioVersion = 10.0.40219.1
Project("{8BC9CEB8-8B4A-11D0-8D11-00A0C91BC942}") = "lab1", "lab1\lab1.vcxproj", "{6588E748-BD6F-4429-BA6E-7FDB1E74C411}"
EndProject
Global
	GlobalSection(SolutionConfigurationPlatforms) = preSolution
		Debug|x64 = Debug|x64
		Debug|x86 = Debug|x86
		Release|x64 = Release|x64
		Release|x86 = Release|x86
	EndGlobalSection
	GlobalSection(ProjectConfigurationPlatforms) = postSolution
		{6588E748-BD6F-4429-BA6E-7FDB1E74C411}.Debug|x64.ActiveCfg = Debug|x64
		{6588E748-BD6F-4429-BA6E-7FDB1E74C411}.Debug|x64.Build.0 = Debug|x64
		{6588E748-BD6F-4429-BA6E-7FDB1E74C411}.Debug|x86.ActiveCfg = Debug|Win32
		{6588E748-BD6F-4429-BA6E-7FDB1E74C411}.Debug|x86.Build.0 = Debug|Win32
		{6588E748-BD6F-4429-BA6E-7FDB1E74C411}.Release|x64.ActiveCfg = Release|x64
		{6588E748-BD6F-4429-BA6E-7FDB1E74C411}.Release|x64.Build.0 = Release|x64
		{6588E748-BD6F-4429-BA6E-7FDB1E74C411}.Release|x86.ActiveCfg = Release|Win32
		{6588E748-BD6F-4429-BA6E-7FDB1E74C411}.Release|x86.Build.0 = Release|Win32
	EndGlobalSection
	GlobalSection(SolutionProperties) = preSolution
		HideSolutionNode = FALSE
	EndGlobalSection
	GlobalSection(ExtensibilityGlobals) = postSolution
		SolutionGuid = {5EE7A1CD-C0FE-46C8-B1A5-77644DCAD22E}
	EndGlobalSection
EndGlobal
